// !$*UTF8*$!
{
	archiveVersion = 1;
	classes = {
	};
	objectVersion = 51;
	objects = {

/* Begin PBXBuildFile section */
		7FF4BA8C11DF770ABD57C10A /* Pods_TwitterTutorial.framework in Frameworks */ = {isa = PBXBuildFile; fileRef = A8085F901CF5250360BD2A38 /* Pods_TwitterTutorial.framework */; };
		C402016025701D5100CCBB00 /* UserService.swift in Sources */ = {isa = PBXBuildFile; fileRef = C402015F25701D5100CCBB00 /* UserService.swift */; };
		C4020162257024B300CCBB00 /* User.swift in Sources */ = {isa = PBXBuildFile; fileRef = C4020161257024B300CCBB00 /* User.swift */; };
		C410055B25ACAC4000342BE8 /* ActionSheetLauncher.swift in Sources */ = {isa = PBXBuildFile; fileRef = C410055A25ACAC4000342BE8 /* ActionSheetLauncher.swift */; };
		C410055D25ACBC6E00342BE8 /* ActionSheetCell.swift in Sources */ = {isa = PBXBuildFile; fileRef = C410055C25ACBC6E00342BE8 /* ActionSheetCell.swift */; };
		C410055F25ACC30F00342BE8 /* ActionSheetViewModel.swift in Sources */ = {isa = PBXBuildFile; fileRef = C410055E25ACC30F00342BE8 /* ActionSheetViewModel.swift */; };
		C41B7DD0256C0B9800140EF2 /* Utilities.swift in Sources */ = {isa = PBXBuildFile; fileRef = C41B7DCF256C0B9800140EF2 /* Utilities.swift */; };
		C4201DA7258E7281007202A4 /* TweetController.swift in Sources */ = {isa = PBXBuildFile; fileRef = C4201DA6258E7281007202A4 /* TweetController.swift */; };
		C4201DA92590FF68007202A4 /* TweetHeader.swift in Sources */ = {isa = PBXBuildFile; fileRef = C4201DA82590FF68007202A4 /* TweetHeader.swift */; };
		C42292DD2566DC3000EAA120 /* AppDelegate.swift in Sources */ = {isa = PBXBuildFile; fileRef = C42292DC2566DC3000EAA120 /* AppDelegate.swift */; };
		C42292DF2566DC3000EAA120 /* SceneDelegate.swift in Sources */ = {isa = PBXBuildFile; fileRef = C42292DE2566DC3000EAA120 /* SceneDelegate.swift */; };
		C42292E62566DC3100EAA120 /* Assets.xcassets in Resources */ = {isa = PBXBuildFile; fileRef = C42292E52566DC3100EAA120 /* Assets.xcassets */; };
		C42292E92566DC3100EAA120 /* LaunchScreen.storyboard in Resources */ = {isa = PBXBuildFile; fileRef = C42292E72566DC3100EAA120 /* LaunchScreen.storyboard */; };
		C42292FC2566DE6000EAA120 /* MainTabController.swift in Sources */ = {isa = PBXBuildFile; fileRef = C42292FB2566DE6000EAA120 /* MainTabController.swift */; };
		C42293022566E16B00EAA120 /* FeedController.swift in Sources */ = {isa = PBXBuildFile; fileRef = C42293012566E16B00EAA120 /* FeedController.swift */; };
		C42293052566E1EC00EAA120 /* ExploreController.swift in Sources */ = {isa = PBXBuildFile; fileRef = C42293042566E1EC00EAA120 /* ExploreController.swift */; };
		C42293082566E20A00EAA120 /* NotificationsController.swift in Sources */ = {isa = PBXBuildFile; fileRef = C42293072566E20A00EAA120 /* NotificationsController.swift */; };
		C422930B2566E22100EAA120 /* ConversationsController.swift in Sources */ = {isa = PBXBuildFile; fileRef = C422930A2566E22100EAA120 /* ConversationsController.swift */; };
		C422930E256823D200EAA120 /* Extensions.swift in Sources */ = {isa = PBXBuildFile; fileRef = C422930D256823D200EAA120 /* Extensions.swift */; };
		C422931625682E8E00EAA120 /* LoginController.swift in Sources */ = {isa = PBXBuildFile; fileRef = C422931525682E8E00EAA120 /* LoginController.swift */; };
		C4571BED2568334900DAF77F /* RegistrationController.swift in Sources */ = {isa = PBXBuildFile; fileRef = C4571BEC2568334900DAF77F /* RegistrationController.swift */; };
		C4775E502587D8850081A917 /* ProfileHeader.swift in Sources */ = {isa = PBXBuildFile; fileRef = C4775E4F2587D8850081A917 /* ProfileHeader.swift */; };
		C4775E522587EB730081A917 /* ProfileFilterView.swift in Sources */ = {isa = PBXBuildFile; fileRef = C4775E512587EB730081A917 /* ProfileFilterView.swift */; };
		C4775E542587EF090081A917 /* ProfileFilterCell.swift in Sources */ = {isa = PBXBuildFile; fileRef = C4775E532587EF090081A917 /* ProfileFilterCell.swift */; };
		C48D125B256D6E9B00C48ADB /* Info.plist in Resources */ = {isa = PBXBuildFile; fileRef = C48D125A256D6E9B00C48ADB /* Info.plist */; };
		C48D1275256D870600C48ADB /* GoogleService-Info.plist in Resources */ = {isa = PBXBuildFile; fileRef = C48D1274256D870600C48ADB /* GoogleService-Info.plist */; };
		C48D12D4256EC77900C48ADB /* Constants.swift in Sources */ = {isa = PBXBuildFile; fileRef = C48D12D3256EC77900C48ADB /* Constants.swift */; };
		C48D12D6256ED13100C48ADB /* AuthService.swift in Sources */ = {isa = PBXBuildFile; fileRef = C48D12D5256ED13100C48ADB /* AuthService.swift */; };
		C4BE9BC52577F50000C1C00B /* UploadTweetController.swift in Sources */ = {isa = PBXBuildFile; fileRef = C4BE9BC42577F50000C1C00B /* UploadTweetController.swift */; };
		C4BE9BC72578052E00C1C00B /* CaptionTextView.swift in Sources */ = {isa = PBXBuildFile; fileRef = C4BE9BC62578052E00C1C00B /* CaptionTextView.swift */; };
		C4BE9BE5257811F300C1C00B /* TweetService.swift in Sources */ = {isa = PBXBuildFile; fileRef = C4BE9BE4257811F300C1C00B /* TweetService.swift */; };
		C4C0E956258130A8001A558E /* Tweet.swift in Sources */ = {isa = PBXBuildFile; fileRef = C4C0E955258130A8001A558E /* Tweet.swift */; };
		C4C0E95825814298001A558E /* TweetCell.swift in Sources */ = {isa = PBXBuildFile; fileRef = C4C0E95725814298001A558E /* TweetCell.swift */; };
		C4C0E95A2583DD9D001A558E /* TweetViewModel.swift in Sources */ = {isa = PBXBuildFile; fileRef = C4C0E9592583DD9D001A558E /* TweetViewModel.swift */; };
		C4C0E95C2583EE0B001A558E /* ProfileController.swift in Sources */ = {isa = PBXBuildFile; fileRef = C4C0E95B2583EE0B001A558E /* ProfileController.swift */; };
		C4CF9EB7258BBDEF00206C7A /* UserCell.swift in Sources */ = {isa = PBXBuildFile; fileRef = C4CF9EB6258BBDEF00206C7A /* UserCell.swift */; };
		C4E25D6A25926E390003BB5E /* UploadTweetViewModel.swift in Sources */ = {isa = PBXBuildFile; fileRef = C4E25D6925926E390003BB5E /* UploadTweetViewModel.swift */; };
		C4E592BC2589239C008FD310 /* ProfileHeaderViewModel.swift in Sources */ = {isa = PBXBuildFile; fileRef = C4E592BB2589239C008FD310 /* ProfileHeaderViewModel.swift */; };
/* End PBXBuildFile section */

/* Begin PBXFileReference section */
		4A1B5389C1527558984B447B /* Pods-TwitterTutorial.debug.xcconfig */ = {isa = PBXFileReference; includeInIndex = 1; lastKnownFileType = text.xcconfig; name = "Pods-TwitterTutorial.debug.xcconfig"; path = "Target Support Files/Pods-TwitterTutorial/Pods-TwitterTutorial.debug.xcconfig"; sourceTree = "<group>"; };
		A8085F901CF5250360BD2A38 /* Pods_TwitterTutorial.framework */ = {isa = PBXFileReference; explicitFileType = wrapper.framework; includeInIndex = 0; path = Pods_TwitterTutorial.framework; sourceTree = BUILT_PRODUCTS_DIR; };
		C402015F25701D5100CCBB00 /* UserService.swift */ = {isa = PBXFileReference; lastKnownFileType = sourcecode.swift; path = UserService.swift; sourceTree = "<group>"; };
		C4020161257024B300CCBB00 /* User.swift */ = {isa = PBXFileReference; lastKnownFileType = sourcecode.swift; path = User.swift; sourceTree = "<group>"; };
		C410055A25ACAC4000342BE8 /* ActionSheetLauncher.swift */ = {isa = PBXFileReference; lastKnownFileType = sourcecode.swift; path = ActionSheetLauncher.swift; sourceTree = "<group>"; };
		C410055C25ACBC6E00342BE8 /* ActionSheetCell.swift */ = {isa = PBXFileReference; lastKnownFileType = sourcecode.swift; path = ActionSheetCell.swift; sourceTree = "<group>"; };
		C410055E25ACC30F00342BE8 /* ActionSheetViewModel.swift */ = {isa = PBXFileReference; lastKnownFileType = sourcecode.swift; path = ActionSheetViewModel.swift; sourceTree = "<group>"; };
		C41B7DCF256C0B9800140EF2 /* Utilities.swift */ = {isa = PBXFileReference; lastKnownFileType = sourcecode.swift; path = Utilities.swift; sourceTree = "<group>"; };
		C4201DA6258E7281007202A4 /* TweetController.swift */ = {isa = PBXFileReference; lastKnownFileType = sourcecode.swift; path = TweetController.swift; sourceTree = "<group>"; };
		C4201DA82590FF68007202A4 /* TweetHeader.swift */ = {isa = PBXFileReference; lastKnownFileType = sourcecode.swift; path = TweetHeader.swift; sourceTree = "<group>"; };
		C42292D92566DC3000EAA120 /* TwitterTutorial.app */ = {isa = PBXFileReference; explicitFileType = wrapper.application; includeInIndex = 0; path = TwitterTutorial.app; sourceTree = BUILT_PRODUCTS_DIR; };
		C42292DC2566DC3000EAA120 /* AppDelegate.swift */ = {isa = PBXFileReference; lastKnownFileType = sourcecode.swift; path = AppDelegate.swift; sourceTree = "<group>"; };
		C42292DE2566DC3000EAA120 /* SceneDelegate.swift */ = {isa = PBXFileReference; lastKnownFileType = sourcecode.swift; path = SceneDelegate.swift; sourceTree = "<group>"; };
		C42292E52566DC3100EAA120 /* Assets.xcassets */ = {isa = PBXFileReference; lastKnownFileType = folder.assetcatalog; path = Assets.xcassets; sourceTree = "<group>"; };
		C42292E82566DC3100EAA120 /* Base */ = {isa = PBXFileReference; lastKnownFileType = file.storyboard; name = Base; path = Base.lproj/LaunchScreen.storyboard; sourceTree = "<group>"; };
		C42292FB2566DE6000EAA120 /* MainTabController.swift */ = {isa = PBXFileReference; lastKnownFileType = sourcecode.swift; path = MainTabController.swift; sourceTree = "<group>"; };
		C42293012566E16B00EAA120 /* FeedController.swift */ = {isa = PBXFileReference; lastKnownFileType = sourcecode.swift; path = FeedController.swift; sourceTree = "<group>"; };
		C42293042566E1EC00EAA120 /* ExploreController.swift */ = {isa = PBXFileReference; lastKnownFileType = sourcecode.swift; path = ExploreController.swift; sourceTree = "<group>"; };
		C42293072566E20A00EAA120 /* NotificationsController.swift */ = {isa = PBXFileReference; lastKnownFileType = sourcecode.swift; path = NotificationsController.swift; sourceTree = "<group>"; };
		C422930A2566E22100EAA120 /* ConversationsController.swift */ = {isa = PBXFileReference; lastKnownFileType = sourcecode.swift; path = ConversationsController.swift; sourceTree = "<group>"; };
		C422930D256823D200EAA120 /* Extensions.swift */ = {isa = PBXFileReference; lastKnownFileType = sourcecode.swift; path = Extensions.swift; sourceTree = "<group>"; };
		C422931525682E8E00EAA120 /* LoginController.swift */ = {isa = PBXFileReference; lastKnownFileType = sourcecode.swift; path = LoginController.swift; sourceTree = "<group>"; };
		C4571BEC2568334900DAF77F /* RegistrationController.swift */ = {isa = PBXFileReference; lastKnownFileType = sourcecode.swift; path = RegistrationController.swift; sourceTree = "<group>"; };
		C4775E4F2587D8850081A917 /* ProfileHeader.swift */ = {isa = PBXFileReference; lastKnownFileType = sourcecode.swift; path = ProfileHeader.swift; sourceTree = "<group>"; };
		C4775E512587EB730081A917 /* ProfileFilterView.swift */ = {isa = PBXFileReference; lastKnownFileType = sourcecode.swift; path = ProfileFilterView.swift; sourceTree = "<group>"; };
		C4775E532587EF090081A917 /* ProfileFilterCell.swift */ = {isa = PBXFileReference; lastKnownFileType = sourcecode.swift; path = ProfileFilterCell.swift; sourceTree = "<group>"; };
		C48D125A256D6E9B00C48ADB /* Info.plist */ = {isa = PBXFileReference; fileEncoding = 4; lastKnownFileType = text.plist.xml; path = Info.plist; sourceTree = "<group>"; };
		C48D1274256D870600C48ADB /* GoogleService-Info.plist */ = {isa = PBXFileReference; fileEncoding = 4; lastKnownFileType = text.plist.xml; path = "GoogleService-Info.plist"; sourceTree = "<group>"; };
		C48D12D3256EC77900C48ADB /* Constants.swift */ = {isa = PBXFileReference; lastKnownFileType = sourcecode.swift; path = Constants.swift; sourceTree = "<group>"; };
		C48D12D5256ED13100C48ADB /* AuthService.swift */ = {isa = PBXFileReference; lastKnownFileType = sourcecode.swift; path = AuthService.swift; sourceTree = "<group>"; };
		C4BE9BC42577F50000C1C00B /* UploadTweetController.swift */ = {isa = PBXFileReference; lastKnownFileType = sourcecode.swift; path = UploadTweetController.swift; sourceTree = "<group>"; };
		C4BE9BC62578052E00C1C00B /* CaptionTextView.swift */ = {isa = PBXFileReference; lastKnownFileType = sourcecode.swift; path = CaptionTextView.swift; sourceTree = "<group>"; };
		C4BE9BE4257811F300C1C00B /* TweetService.swift */ = {isa = PBXFileReference; lastKnownFileType = sourcecode.swift; path = TweetService.swift; sourceTree = "<group>"; };
		C4C0E955258130A8001A558E /* Tweet.swift */ = {isa = PBXFileReference; lastKnownFileType = sourcecode.swift; path = Tweet.swift; sourceTree = "<group>"; };
		C4C0E95725814298001A558E /* TweetCell.swift */ = {isa = PBXFileReference; lastKnownFileType = sourcecode.swift; path = TweetCell.swift; sourceTree = "<group>"; };
		C4C0E9592583DD9D001A558E /* TweetViewModel.swift */ = {isa = PBXFileReference; lastKnownFileType = sourcecode.swift; path = TweetViewModel.swift; sourceTree = "<group>"; };
		C4C0E95B2583EE0B001A558E /* ProfileController.swift */ = {isa = PBXFileReference; lastKnownFileType = sourcecode.swift; path = ProfileController.swift; sourceTree = "<group>"; };
		C4CF9EB6258BBDEF00206C7A /* UserCell.swift */ = {isa = PBXFileReference; lastKnownFileType = sourcecode.swift; path = UserCell.swift; sourceTree = "<group>"; };
		C4E25D6925926E390003BB5E /* UploadTweetViewModel.swift */ = {isa = PBXFileReference; lastKnownFileType = sourcecode.swift; path = UploadTweetViewModel.swift; sourceTree = "<group>"; };
		C4E592BB2589239C008FD310 /* ProfileHeaderViewModel.swift */ = {isa = PBXFileReference; lastKnownFileType = sourcecode.swift; path = ProfileHeaderViewModel.swift; sourceTree = "<group>"; };
		E889CAF08C39EAF324B40468 /* Pods-TwitterTutorial.release.xcconfig */ = {isa = PBXFileReference; includeInIndex = 1; lastKnownFileType = text.xcconfig; name = "Pods-TwitterTutorial.release.xcconfig"; path = "Target Support Files/Pods-TwitterTutorial/Pods-TwitterTutorial.release.xcconfig"; sourceTree = "<group>"; };
/* End PBXFileReference section */

/* Begin PBXFrameworksBuildPhase section */
		C42292D62566DC3000EAA120 /* Frameworks */ = {
			isa = PBXFrameworksBuildPhase;
			buildActionMask = 2147483647;
			files = (
				7FF4BA8C11DF770ABD57C10A /* Pods_TwitterTutorial.framework in Frameworks */,
			);
			runOnlyForDeploymentPostprocessing = 0;
		};
/* End PBXFrameworksBuildPhase section */

/* Begin PBXGroup section */
		B841E864335E983FD497E535 /* Frameworks */ = {
			isa = PBXGroup;
			children = (
				A8085F901CF5250360BD2A38 /* Pods_TwitterTutorial.framework */,
			);
			name = Frameworks;
			sourceTree = "<group>";
		};
		C42292D02566DC3000EAA120 = {
			isa = PBXGroup;
			children = (
				C42292DB2566DC3000EAA120 /* TwitterTutorial */,
				C42292DA2566DC3000EAA120 /* Products */,
				D448902B7B7B4C77FEF7371D /* Pods */,
				B841E864335E983FD497E535 /* Frameworks */,
			);
			sourceTree = "<group>";
		};
		C42292DA2566DC3000EAA120 /* Products */ = {
			isa = PBXGroup;
			children = (
				C42292D92566DC3000EAA120 /* TwitterTutorial.app */,
			);
			name = Products;
			sourceTree = "<group>";
		};
		C42292DB2566DC3000EAA120 /* TwitterTutorial */ = {
			isa = PBXGroup;
			children = (
				C42292F62566DCAB00EAA120 /* Model */,
				C42292F52566DCA900EAA120 /* View */,
				C42292F42566DCA700EAA120 /* View Models */,
				C42292FA2566DE1900EAA120 /* Controller */,
				C42292F12566DC8900EAA120 /* API */,
				C42292F72566DD0100EAA120 /* Utilities */,
				C42292DC2566DC3000EAA120 /* AppDelegate.swift */,
				C42292DE2566DC3000EAA120 /* SceneDelegate.swift */,
				C42292E52566DC3100EAA120 /* Assets.xcassets */,
				C48D1274256D870600C48ADB /* GoogleService-Info.plist */,
				C48D125A256D6E9B00C48ADB /* Info.plist */,
				C42292E72566DC3100EAA120 /* LaunchScreen.storyboard */,
			);
			path = TwitterTutorial;
			sourceTree = "<group>";
		};
		C42292F12566DC8900EAA120 /* API */ = {
			isa = PBXGroup;
			children = (
				C48D12D5256ED13100C48ADB /* AuthService.swift */,
				C402015F25701D5100CCBB00 /* UserService.swift */,
				C4BE9BE4257811F300C1C00B /* TweetService.swift */,
			);
			path = API;
			sourceTree = "<group>";
		};
		C42292F42566DCA700EAA120 /* View Models */ = {
			isa = PBXGroup;
			children = (
				C4C0E9592583DD9D001A558E /* TweetViewModel.swift */,
				C4E592BB2589239C008FD310 /* ProfileHeaderViewModel.swift */,
				C4E25D6925926E390003BB5E /* UploadTweetViewModel.swift */,
				C410055E25ACC30F00342BE8 /* ActionSheetViewModel.swift */,
			);
			path = "View Models";
			sourceTree = "<group>";
		};
		C42292F52566DCA900EAA120 /* View */ = {
			isa = PBXGroup;
			children = (
				C4BE9BC62578052E00C1C00B /* CaptionTextView.swift */,
				C4C0E95725814298001A558E /* TweetCell.swift */,
				C4775E4F2587D8850081A917 /* ProfileHeader.swift */,
				C4775E512587EB730081A917 /* ProfileFilterView.swift */,
				C4775E532587EF090081A917 /* ProfileFilterCell.swift */,
				C4CF9EB6258BBDEF00206C7A /* UserCell.swift */,
				C4201DA82590FF68007202A4 /* TweetHeader.swift */,
				C410055C25ACBC6E00342BE8 /* ActionSheetCell.swift */,
			);
			path = View;
			sourceTree = "<group>";
		};
		C42292F62566DCAB00EAA120 /* Model */ = {
			isa = PBXGroup;
			children = (
				C4020161257024B300CCBB00 /* User.swift */,
				C4C0E955258130A8001A558E /* Tweet.swift */,
			);
			path = Model;
			sourceTree = "<group>";
		};
		C42292F72566DD0100EAA120 /* Utilities */ = {
			isa = PBXGroup;
			children = (
				C422930D256823D200EAA120 /* Extensions.swift */,
				C41B7DCF256C0B9800140EF2 /* Utilities.swift */,
				C48D12D3256EC77900C48ADB /* Constants.swift */,
				C410055A25ACAC4000342BE8 /* ActionSheetLauncher.swift */,
			);
			path = Utilities;
			sourceTree = "<group>";
		};
		C42292FA2566DE1900EAA120 /* Controller */ = {
			isa = PBXGroup;
			children = (
				C422931425682E6300EAA120 /* Authentication */,
				C42292FB2566DE6000EAA120 /* MainTabController.swift */,
				C42293012566E16B00EAA120 /* FeedController.swift */,
				C42293042566E1EC00EAA120 /* ExploreController.swift */,
				C42293072566E20A00EAA120 /* NotificationsController.swift */,
				C422930A2566E22100EAA120 /* ConversationsController.swift */,
				C4BE9BC42577F50000C1C00B /* UploadTweetController.swift */,
				C4C0E95B2583EE0B001A558E /* ProfileController.swift */,
				C4201DA6258E7281007202A4 /* TweetController.swift */,
			);
			path = Controller;
			sourceTree = "<group>";
		};
		C422931425682E6300EAA120 /* Authentication */ = {
			isa = PBXGroup;
			children = (
				C422931525682E8E00EAA120 /* LoginController.swift */,
				C4571BEC2568334900DAF77F /* RegistrationController.swift */,
			);
			path = Authentication;
			sourceTree = "<group>";
		};
		D448902B7B7B4C77FEF7371D /* Pods */ = {
			isa = PBXGroup;
			children = (
				4A1B5389C1527558984B447B /* Pods-TwitterTutorial.debug.xcconfig */,
				E889CAF08C39EAF324B40468 /* Pods-TwitterTutorial.release.xcconfig */,
			);
			path = Pods;
			sourceTree = "<group>";
		};
/* End PBXGroup section */

/* Begin PBXNativeTarget section */
		C42292D82566DC3000EAA120 /* TwitterTutorial */ = {
			isa = PBXNativeTarget;
			buildConfigurationList = C42292ED2566DC3100EAA120 /* Build configuration list for PBXNativeTarget "TwitterTutorial" */;
			buildPhases = (
				6B240870A775782BB7FA0E4B /* [CP] Check Pods Manifest.lock */,
				C42292D52566DC3000EAA120 /* Sources */,
				C42292D62566DC3000EAA120 /* Frameworks */,
				C42292D72566DC3000EAA120 /* Resources */,
				904993D76D717828A903634B /* [CP] Embed Pods Frameworks */,
			);
			buildRules = (
			);
			dependencies = (
			);
			name = TwitterTutorial;
			productName = TwitterTutorial;
			productReference = C42292D92566DC3000EAA120 /* TwitterTutorial.app */;
			productType = "com.apple.product-type.application";
		};
/* End PBXNativeTarget section */

/* Begin PBXProject section */
		C42292D12566DC3000EAA120 /* Project object */ = {
			isa = PBXProject;
			attributes = {
				LastSwiftUpdateCheck = 1210;
				LastUpgradeCheck = 1210;
				TargetAttributes = {
					C42292D82566DC3000EAA120 = {
						CreatedOnToolsVersion = 12.1;
					};
				};
			};
			buildConfigurationList = C42292D42566DC3000EAA120 /* Build configuration list for PBXProject "TwitterTutorial" */;
			compatibilityVersion = "Xcode 9.3";
			developmentRegion = en;
			hasScannedForEncodings = 0;
			knownRegions = (
				en,
				Base,
			);
			mainGroup = C42292D02566DC3000EAA120;
			productRefGroup = C42292DA2566DC3000EAA120 /* Products */;
			projectDirPath = "";
			projectRoot = "";
			targets = (
				C42292D82566DC3000EAA120 /* TwitterTutorial */,
			);
		};
/* End PBXProject section */

/* Begin PBXResourcesBuildPhase section */
		C42292D72566DC3000EAA120 /* Resources */ = {
			isa = PBXResourcesBuildPhase;
			buildActionMask = 2147483647;
			files = (
				C42292E92566DC3100EAA120 /* LaunchScreen.storyboard in Resources */,
				C48D1275256D870600C48ADB /* GoogleService-Info.plist in Resources */,
				C42292E62566DC3100EAA120 /* Assets.xcassets in Resources */,
				C48D125B256D6E9B00C48ADB /* Info.plist in Resources */,
			);
			runOnlyForDeploymentPostprocessing = 0;
		};
/* End PBXResourcesBuildPhase section */

/* Begin PBXShellScriptBuildPhase section */
		6B240870A775782BB7FA0E4B /* [CP] Check Pods Manifest.lock */ = {
			isa = PBXShellScriptBuildPhase;
			buildActionMask = 2147483647;
			files = (
			);
			inputFileListPaths = (
			);
			inputPaths = (
				"${PODS_PODFILE_DIR_PATH}/Podfile.lock",
				"${PODS_ROOT}/Manifest.lock",
			);
			name = "[CP] Check Pods Manifest.lock";
			outputFileListPaths = (
			);
			outputPaths = (
				"$(DERIVED_FILE_DIR)/Pods-TwitterTutorial-checkManifestLockResult.txt",
			);
			runOnlyForDeploymentPostprocessing = 0;
			shellPath = /bin/sh;
			shellScript = "diff \"${PODS_PODFILE_DIR_PATH}/Podfile.lock\" \"${PODS_ROOT}/Manifest.lock\" > /dev/null\nif [ $? != 0 ] ; then\n    # print error to STDERR\n    echo \"error: The sandbox is not in sync with the Podfile.lock. Run 'pod install' or update your CocoaPods installation.\" >&2\n    exit 1\nfi\n# This output is used by Xcode 'outputs' to avoid re-running this script phase.\necho \"SUCCESS\" > \"${SCRIPT_OUTPUT_FILE_0}\"\n";
			showEnvVarsInLog = 0;
		};
		904993D76D717828A903634B /* [CP] Embed Pods Frameworks */ = {
			isa = PBXShellScriptBuildPhase;
			buildActionMask = 2147483647;
			files = (
			);
			inputFileListPaths = (
				"${PODS_ROOT}/Target Support Files/Pods-TwitterTutorial/Pods-TwitterTutorial-frameworks-${CONFIGURATION}-input-files.xcfilelist",
			);
			name = "[CP] Embed Pods Frameworks";
			outputFileListPaths = (
				"${PODS_ROOT}/Target Support Files/Pods-TwitterTutorial/Pods-TwitterTutorial-frameworks-${CONFIGURATION}-output-files.xcfilelist",
			);
			runOnlyForDeploymentPostprocessing = 0;
			shellPath = /bin/sh;
			shellScript = "\"${PODS_ROOT}/Target Support Files/Pods-TwitterTutorial/Pods-TwitterTutorial-frameworks.sh\"\n";
			showEnvVarsInLog = 0;
		};
/* End PBXShellScriptBuildPhase section */

/* Begin PBXSourcesBuildPhase section */
		C42292D52566DC3000EAA120 /* Sources */ = {
			isa = PBXSourcesBuildPhase;
			buildActionMask = 2147483647;
			files = (
				C402016025701D5100CCBB00 /* UserService.swift in Sources */,
				C42293082566E20A00EAA120 /* NotificationsController.swift in Sources */,
				C4BE9BC72578052E00C1C00B /* CaptionTextView.swift in Sources */,
				C4775E542587EF090081A917 /* ProfileFilterCell.swift in Sources */,
				C422930B2566E22100EAA120 /* ConversationsController.swift in Sources */,
				C4CF9EB7258BBDEF00206C7A /* UserCell.swift in Sources */,
				C41B7DD0256C0B9800140EF2 /* Utilities.swift in Sources */,
				C410055D25ACBC6E00342BE8 /* ActionSheetCell.swift in Sources */,
				C42292DD2566DC3000EAA120 /* AppDelegate.swift in Sources */,
				C422930E256823D200EAA120 /* Extensions.swift in Sources */,
				C4201DA7258E7281007202A4 /* TweetController.swift in Sources */,
				C4C0E95C2583EE0B001A558E /* ProfileController.swift in Sources */,
				C4E25D6A25926E390003BB5E /* UploadTweetViewModel.swift in Sources */,
				C4775E502587D8850081A917 /* ProfileHeader.swift in Sources */,
				C4C0E95825814298001A558E /* TweetCell.swift in Sources */,
				C422931625682E8E00EAA120 /* LoginController.swift in Sources */,
				C48D12D6256ED13100C48ADB /* AuthService.swift in Sources */,
				C4E592BC2589239C008FD310 /* ProfileHeaderViewModel.swift in Sources */,
				C4BE9BC52577F50000C1C00B /* UploadTweetController.swift in Sources */,
				C4020162257024B300CCBB00 /* User.swift in Sources */,
				C42293052566E1EC00EAA120 /* ExploreController.swift in Sources */,
				C42292DF2566DC3000EAA120 /* SceneDelegate.swift in Sources */,
				C42292FC2566DE6000EAA120 /* MainTabController.swift in Sources */,
				C4201DA92590FF68007202A4 /* TweetHeader.swift in Sources */,
				C4C0E95A2583DD9D001A558E /* TweetViewModel.swift in Sources */,
				C410055F25ACC30F00342BE8 /* ActionSheetViewModel.swift in Sources */,
				C4571BED2568334900DAF77F /* RegistrationController.swift in Sources */,
				C42293022566E16B00EAA120 /* FeedController.swift in Sources */,
				C4775E522587EB730081A917 /* ProfileFilterView.swift in Sources */,
				C48D12D4256EC77900C48ADB /* Constants.swift in Sources */,
				C410055B25ACAC4000342BE8 /* ActionSheetLauncher.swift in Sources */,
				C4C0E956258130A8001A558E /* Tweet.swift in Sources */,
				C4BE9BE5257811F300C1C00B /* TweetService.swift in Sources */,
			);
			runOnlyForDeploymentPostprocessing = 0;
		};
/* End PBXSourcesBuildPhase section */

/* Begin PBXVariantGroup section */
		C42292E72566DC3100EAA120 /* LaunchScreen.storyboard */ = {
			isa = PBXVariantGroup;
			children = (
				C42292E82566DC3100EAA120 /* Base */,
			);
			name = LaunchScreen.storyboard;
			sourceTree = "<group>";
		};
/* End PBXVariantGroup section */

/* Begin XCBuildConfiguration section */
		C42292EB2566DC3100EAA120 /* Debug */ = {
			isa = XCBuildConfiguration;
			buildSettings = {
				ALWAYS_SEARCH_USER_PATHS = NO;
				CLANG_ANALYZER_NONNULL = YES;
				CLANG_ANALYZER_NUMBER_OBJECT_CONVERSION = YES_AGGRESSIVE;
				CLANG_CXX_LANGUAGE_STANDARD = "gnu++14";
				CLANG_CXX_LIBRARY = "libc++";
				CLANG_ENABLE_MODULES = YES;
				CLANG_ENABLE_OBJC_ARC = YES;
				CLANG_ENABLE_OBJC_WEAK = YES;
				CLANG_WARN_BLOCK_CAPTURE_AUTORELEASING = YES;
				CLANG_WARN_BOOL_CONVERSION = YES;
				CLANG_WARN_COMMA = YES;
				CLANG_WARN_CONSTANT_CONVERSION = YES;
				CLANG_WARN_DEPRECATED_OBJC_IMPLEMENTATIONS = YES;
				CLANG_WARN_DIRECT_OBJC_ISA_USAGE = YES_ERROR;
				CLANG_WARN_DOCUMENTATION_COMMENTS = YES;
				CLANG_WARN_EMPTY_BODY = YES;
				CLANG_WARN_ENUM_CONVERSION = YES;
				CLANG_WARN_INFINITE_RECURSION = YES;
				CLANG_WARN_INT_CONVERSION = YES;
				CLANG_WARN_NON_LITERAL_NULL_CONVERSION = YES;
				CLANG_WARN_OBJC_IMPLICIT_RETAIN_SELF = YES;
				CLANG_WARN_OBJC_LITERAL_CONVERSION = YES;
				CLANG_WARN_OBJC_ROOT_CLASS = YES_ERROR;
				CLANG_WARN_QUOTED_INCLUDE_IN_FRAMEWORK_HEADER = YES;
				CLANG_WARN_RANGE_LOOP_ANALYSIS = YES;
				CLANG_WARN_STRICT_PROTOTYPES = YES;
				CLANG_WARN_SUSPICIOUS_MOVE = YES;
				CLANG_WARN_UNGUARDED_AVAILABILITY = YES_AGGRESSIVE;
				CLANG_WARN_UNREACHABLE_CODE = YES;
				CLANG_WARN__DUPLICATE_METHOD_MATCH = YES;
				COPY_PHASE_STRIP = NO;
				DEBUG_INFORMATION_FORMAT = dwarf;
				ENABLE_STRICT_OBJC_MSGSEND = YES;
				ENABLE_TESTABILITY = YES;
				GCC_C_LANGUAGE_STANDARD = gnu11;
				GCC_DYNAMIC_NO_PIC = NO;
				GCC_NO_COMMON_BLOCKS = YES;
				GCC_OPTIMIZATION_LEVEL = 0;
				GCC_PREPROCESSOR_DEFINITIONS = (
					"DEBUG=1",
					"$(inherited)",
				);
				GCC_WARN_64_TO_32_BIT_CONVERSION = YES;
				GCC_WARN_ABOUT_RETURN_TYPE = YES_ERROR;
				GCC_WARN_UNDECLARED_SELECTOR = YES;
				GCC_WARN_UNINITIALIZED_AUTOS = YES_AGGRESSIVE;
				GCC_WARN_UNUSED_FUNCTION = YES;
				GCC_WARN_UNUSED_VARIABLE = YES;
				IPHONEOS_DEPLOYMENT_TARGET = 13.0;
				MTL_ENABLE_DEBUG_INFO = INCLUDE_SOURCE;
				MTL_FAST_MATH = YES;
				ONLY_ACTIVE_ARCH = YES;
				SDKROOT = iphoneos;
				SWIFT_ACTIVE_COMPILATION_CONDITIONS = DEBUG;
				SWIFT_OPTIMIZATION_LEVEL = "-Onone";
			};
			name = Debug;
		};
		C42292EC2566DC3100EAA120 /* Release */ = {
			isa = XCBuildConfiguration;
			buildSettings = {
				ALWAYS_SEARCH_USER_PATHS = NO;
				CLANG_ANALYZER_NONNULL = YES;
				CLANG_ANALYZER_NUMBER_OBJECT_CONVERSION = YES_AGGRESSIVE;
				CLANG_CXX_LANGUAGE_STANDARD = "gnu++14";
				CLANG_CXX_LIBRARY = "libc++";
				CLANG_ENABLE_MODULES = YES;
				CLANG_ENABLE_OBJC_ARC = YES;
				CLANG_ENABLE_OBJC_WEAK = YES;
				CLANG_WARN_BLOCK_CAPTURE_AUTORELEASING = YES;
				CLANG_WARN_BOOL_CONVERSION = YES;
				CLANG_WARN_COMMA = YES;
				CLANG_WARN_CONSTANT_CONVERSION = YES;
				CLANG_WARN_DEPRECATED_OBJC_IMPLEMENTATIONS = YES;
				CLANG_WARN_DIRECT_OBJC_ISA_USAGE = YES_ERROR;
				CLANG_WARN_DOCUMENTATION_COMMENTS = YES;
				CLANG_WARN_EMPTY_BODY = YES;
				CLANG_WARN_ENUM_CONVERSION = YES;
				CLANG_WARN_INFINITE_RECURSION = YES;
				CLANG_WARN_INT_CONVERSION = YES;
				CLANG_WARN_NON_LITERAL_NULL_CONVERSION = YES;
				CLANG_WARN_OBJC_IMPLICIT_RETAIN_SELF = YES;
				CLANG_WARN_OBJC_LITERAL_CONVERSION = YES;
				CLANG_WARN_OBJC_ROOT_CLASS = YES_ERROR;
				CLANG_WARN_QUOTED_INCLUDE_IN_FRAMEWORK_HEADER = YES;
				CLANG_WARN_RANGE_LOOP_ANALYSIS = YES;
				CLANG_WARN_STRICT_PROTOTYPES = YES;
				CLANG_WARN_SUSPICIOUS_MOVE = YES;
				CLANG_WARN_UNGUARDED_AVAILABILITY = YES_AGGRESSIVE;
				CLANG_WARN_UNREACHABLE_CODE = YES;
				CLANG_WARN__DUPLICATE_METHOD_MATCH = YES;
				COPY_PHASE_STRIP = NO;
				DEBUG_INFORMATION_FORMAT = "dwarf-with-dsym";
				ENABLE_NS_ASSERTIONS = NO;
				ENABLE_STRICT_OBJC_MSGSEND = YES;
				GCC_C_LANGUAGE_STANDARD = gnu11;
				GCC_NO_COMMON_BLOCKS = YES;
				GCC_WARN_64_TO_32_BIT_CONVERSION = YES;
				GCC_WARN_ABOUT_RETURN_TYPE = YES_ERROR;
				GCC_WARN_UNDECLARED_SELECTOR = YES;
				GCC_WARN_UNINITIALIZED_AUTOS = YES_AGGRESSIVE;
				GCC_WARN_UNUSED_FUNCTION = YES;
				GCC_WARN_UNUSED_VARIABLE = YES;
				IPHONEOS_DEPLOYMENT_TARGET = 13.0;
				MTL_ENABLE_DEBUG_INFO = NO;
				MTL_FAST_MATH = YES;
				SDKROOT = iphoneos;
				SWIFT_COMPILATION_MODE = wholemodule;
				SWIFT_OPTIMIZATION_LEVEL = "-O";
				VALIDATE_PRODUCT = YES;
			};
			name = Release;
		};
		C42292EE2566DC3100EAA120 /* Debug */ = {
			isa = XCBuildConfiguration;
			baseConfigurationReference = 4A1B5389C1527558984B447B /* Pods-TwitterTutorial.debug.xcconfig */;
			buildSettings = {
				ASSETCATALOG_COMPILER_APPICON_NAME = AppIcon;
				ASSETCATALOG_COMPILER_GLOBAL_ACCENT_COLOR_NAME = AccentColor;
				CODE_SIGN_STYLE = Automatic;
				DEVELOPMENT_TEAM = 555CBMTQ4N;
				INFOPLIST_FILE = TwitterTutorial/Info.plist;
				IPHONEOS_DEPLOYMENT_TARGET = 13.0;
				LD_RUNPATH_SEARCH_PATHS = (
					"$(inherited)",
					"@executable_path/Frameworks",
				);
				PRODUCT_BUNDLE_IDENTIFIER = com.sjlearmonth.TwitterTutorial;
				PRODUCT_NAME = "$(TARGET_NAME)";
				SWIFT_VERSION = 5.0;
				TARGETED_DEVICE_FAMILY = 1;
			};
			name = Debug;
		};
		C42292EF2566DC3100EAA120 /* Release */ = {
			isa = XCBuildConfiguration;
			baseConfigurationReference = E889CAF08C39EAF324B40468 /* Pods-TwitterTutorial.release.xcconfig */;
			buildSettings = {
				ASSETCATALOG_COMPILER_APPICON_NAME = AppIcon;
				ASSETCATALOG_COMPILER_GLOBAL_ACCENT_COLOR_NAME = AccentColor;
				CODE_SIGN_STYLE = Automatic;
				DEVELOPMENT_TEAM = 555CBMTQ4N;
				INFOPLIST_FILE = TwitterTutorial/Info.plist;
				IPHONEOS_DEPLOYMENT_TARGET = 13.0;
				LD_RUNPATH_SEARCH_PATHS = (
					"$(inherited)",
					"@executable_path/Frameworks",
				);
				PRODUCT_BUNDLE_IDENTIFIER = com.sjlearmonth.TwitterTutorial;
				PRODUCT_NAME = "$(TARGET_NAME)";
				SWIFT_VERSION = 5.0;
				TARGETED_DEVICE_FAMILY = 1;
			};
			name = Release;
		};
/* End XCBuildConfiguration section */

/* Begin XCConfigurationList section */
		C42292D42566DC3000EAA120 /* Build configuration list for PBXProject "TwitterTutorial" */ = {
			isa = XCConfigurationList;
			buildConfigurations = (
				C42292EB2566DC3100EAA120 /* Debug */,
				C42292EC2566DC3100EAA120 /* Release */,
			);
			defaultConfigurationIsVisible = 0;
			defaultConfigurationName = Release;
		};
		C42292ED2566DC3100EAA120 /* Build configuration list for PBXNativeTarget "TwitterTutorial" */ = {
			isa = XCConfigurationList;
			buildConfigurations = (
				C42292EE2566DC3100EAA120 /* Debug */,
				C42292EF2566DC3100EAA120 /* Release */,
			);
			defaultConfigurationIsVisible = 0;
			defaultConfigurationName = Release;
		};
/* End XCConfigurationList section */
	};
	rootObject = C42292D12566DC3000EAA120 /* Project object */;
}
